
Microsoft Visual Studio Solution File, Format Version 12.00
# Visual Studio 15
Project("{FAE04EC0-301F-11D3-BF4B-00C04F79EFBC}") = "Assembly-CSharp-Editor", "Assembly-CSharp-Editor.csproj", "{3827A988-0534-B630-3528-85EADA404CA9}"
EndProject
Project("{FAE04EC0-301F-11D3-BF4B-00C04F79EFBC}") = "Assembly-CSharp", "Assembly-CSharp.csproj", "{7B6AF92E-73B8-B535-CB5B-CB906CD2B6DC}"
EndProject
Global
	GlobalSection(SolutionConfigurationPlatforms) = preSolution
		Debug|Any CPU = Debug|Any CPU
		Release|Any CPU = Release|Any CPU
	EndGlobalSection
	GlobalSection(ProjectConfigurationPlatforms) = postSolution
		{3827A988-0534-B630-3528-85EADA404CA9}.Debug|Any CPU.ActiveCfg = Debug|Any CPU
		{3827A988-0534-B630-3528-85EADA404CA9}.Debug|Any CPU.Build.0 = Debug|Any CPU
		{3827A988-0534-B630-3528-85EADA404CA9}.Release|Any CPU.ActiveCfg = Release|Any CPU
		{3827A988-0534-B630-3528-85EADA404CA9}.Release|Any CPU.Build.0 = Release|Any CPU
		{7B6AF92E-73B8-B535-CB5B-CB906CD2B6DC}.Debug|Any CPU.ActiveCfg = Debug|Any CPU
		{7B6AF92E-73B8-B535-CB5B-CB906CD2B6DC}.Debug|Any CPU.Build.0 = Debug|Any CPU
		{7B6AF92E-73B8-B535-CB5B-CB906CD2B6DC}.Release|Any CPU.ActiveCfg = Release|Any CPU
		{7B6AF92E-73B8-B535-CB5B-CB906CD2B6DC}.Release|Any CPU.Build.0 = Release|Any CPU
	EndGlobalSection
	GlobalSection(SolutionProperties) = preSolution
		HideSolutionNode = FALSE
	EndGlobalSection
EndGlobal
